<Solution>
  <Project Path="Emik.SourceGenerators.Choices.csproj" />
  <Project Path="Emik.SourceGenerators.Choices.Generated.Tests/Emik.SourceGenerators.Choices.Generated.Tests.csproj" />
  <Project Path="Emik.SourceGenerators.Choices.Tests/Emik.SourceGenerators.Choices.Tests.csproj" />
</Solution>